// !$*UTF8*$!
{
	archiveVersion = 1;
	classes = {
	};
	objectVersion = 46;
	objects = {

/* Begin PBXBuildFile section */
		20E7652B1D7FD79100DC0E6C /* main.m in Sources */ = {isa = PBXBuildFile; fileRef = 20E7652A1D7FD79100DC0E6C /* main.m */; };
		20E7652E1D7FD79100DC0E6C /* AppDelegate.m in Sources */ = {isa = PBXBuildFile; fileRef = 20E7652D1D7FD79100DC0E6C /* AppDelegate.m */; };
		20E765311D7FD79100DC0E6C /* ViewController.m in Sources */ = {isa = PBXBuildFile; fileRef = 20E765301D7FD79100DC0E6C /* ViewController.m */; };
		20E765341D7FD79100DC0E6C /* Main.storyboard in Resources */ = {isa = PBXBuildFile; fileRef = 20E765321D7FD79100DC0E6C /* Main.storyboard */; };
		20E765361D7FD79100DC0E6C /* Assets.xcassets in Resources */ = {isa = PBXBuildFile; fileRef = 20E765351D7FD79100DC0E6C /* Assets.xcassets */; };
		20E765391D7FD79100DC0E6C /* LaunchScreen.storyboard in Resources */ = {isa = PBXBuildFile; fileRef = 20E765371D7FD79100DC0E6C /* LaunchScreen.storyboard */; };
		447525EB4F977874A96C71ED /* Pods_UHCountdown.framework in Frameworks */ = {isa = PBXBuildFile; fileRef = 9D2A1C4E3998DA5C345F4D21 /* Pods_UHCountdown.framework */; };
/* End PBXBuildFile section */

/* Begin PBXFileReference section */
		20E765261D7FD79100DC0E6C /* UHCountdown.app */ = {isa = PBXFileReference; explicitFileType = wrapper.application; includeInIndex = 0; path = UHCountdown.app; sourceTree = BUILT_PRODUCTS_DIR; };
		20E7652A1D7FD79100DC0E6C /* main.m */ = {isa = PBXFileReference; lastKnownFileType = sourcecode.c.objc; path = main.m; sourceTree = "<group>"; };
		20E7652C1D7FD79100DC0E6C /* AppDelegate.h */ = {isa = PBXFileReference; lastKnownFileType = sourcecode.c.h; path = AppDelegate.h; sourceTree = "<group>"; };
		20E7652D1D7FD79100DC0E6C /* AppDelegate.m */ = {isa = PBXFileReference; lastKnownFileType = sourcecode.c.objc; path = AppDelegate.m; sourceTree = "<group>"; };
		20E7652F1D7FD79100DC0E6C /* ViewController.h */ = {isa = PBXFileReference; lastKnownFileType = sourcecode.c.h; path = ViewController.h; sourceTree = "<group>"; };
		20E765301D7FD79100DC0E6C /* ViewController.m */ = {isa = PBXFileReference; lastKnownFileType = sourcecode.c.objc; path = ViewController.m; sourceTree = "<group>"; };
		20E765331D7FD79100DC0E6C /* Base */ = {isa = PBXFileReference; lastKnownFileType = file.storyboard; name = Base; path = Base.lproj/Main.storyboard; sourceTree = "<group>"; };
		20E765351D7FD79100DC0E6C /* Assets.xcassets */ = {isa = PBXFileReference; lastKnownFileType = folder.assetcatalog; path = Assets.xcassets; sourceTree = "<group>"; };
		20E765381D7FD79100DC0E6C /* Base */ = {isa = PBXFileReference; lastKnownFileType = file.storyboard; name = Base; path = Base.lproj/LaunchScreen.storyboard; sourceTree = "<group>"; };
		20E7653A1D7FD79100DC0E6C /* Info.plist */ = {isa = PBXFileReference; lastKnownFileType = text.plist.xml; path = Info.plist; sourceTree = "<group>"; };
		2B8B7859D31EC9A291A65CF4 /* Pods-UHCountdown.release.xcconfig */ = {isa = PBXFileReference; includeInIndex = 1; lastKnownFileType = text.xcconfig; name = "Pods-UHCountdown.release.xcconfig"; path = "Pods/Target Support Files/Pods-UHCountdown/Pods-UHCountdown.release.xcconfig"; sourceTree = "<group>"; };
		9D2A1C4E3998DA5C345F4D21 /* Pods_UHCountdown.framework */ = {isa = PBXFileReference; explicitFileType = wrapper.framework; includeInIndex = 0; path = Pods_UHCountdown.framework; sourceTree = BUILT_PRODUCTS_DIR; };
		A1A8DF30C159B1AE3552E3A5 /* Pods-UHCountdown.debug.xcconfig */ = {isa = PBXFileReference; includeInIndex = 1; lastKnownFileType = text.xcconfig; name = "Pods-UHCountdown.debug.xcconfig"; path = "Pods/Target Support Files/Pods-UHCountdown/Pods-UHCountdown.debug.xcconfig"; sourceTree = "<group>"; };
/* End PBXFileReference section */

/* Begin PBXFrameworksBuildPhase section */
		20E765231D7FD79100DC0E6C /* Frameworks */ = {
			isa = PBXFrameworksBuildPhase;
			buildActionMask = 2147483647;
			files = (
				447525EB4F977874A96C71ED /* Pods_UHCountdown.framework in Frameworks */,
			);
			runOnlyForDeploymentPostprocessing = 0;
		};
/* End PBXFrameworksBuildPhase section */

/* Begin PBXGroup section */
		20E7651D1D7FD79100DC0E6C = {
			isa = PBXGroup;
			children = (
				20E765281D7FD79100DC0E6C /* UHCountdown */,
				20E765271D7FD79100DC0E6C /* Products */,
				5A36D7ECCC7EC554E30C9118 /* Pods */,
				3C31FA8D81422CA21E1C775D /* Frameworks */,
			);
			sourceTree = "<group>";
		};
		20E765271D7FD79100DC0E6C /* Products */ = {
			isa = PBXGroup;
			children = (
				20E765261D7FD79100DC0E6C /* UHCountdown.app */,
			);
			name = Products;
			sourceTree = "<group>";
		};
		20E765281D7FD79100DC0E6C /* UHCountdown */ = {
			isa = PBXGroup;
			children = (
				20E7652C1D7FD79100DC0E6C /* AppDelegate.h */,
				20E7652D1D7FD79100DC0E6C /* AppDelegate.m */,
				20E7652F1D7FD79100DC0E6C /* ViewController.h */,
				20E765301D7FD79100DC0E6C /* ViewController.m */,
				20E765321D7FD79100DC0E6C /* Main.storyboard */,
				20E765351D7FD79100DC0E6C /* Assets.xcassets */,
				20E765371D7FD79100DC0E6C /* LaunchScreen.storyboard */,
				20E7653A1D7FD79100DC0E6C /* Info.plist */,
				20E765291D7FD79100DC0E6C /* Supporting Files */,
			);
			path = UHCountdown;
			sourceTree = "<group>";
		};
		20E765291D7FD79100DC0E6C /* Supporting Files */ = {
			isa = PBXGroup;
			children = (
				20E7652A1D7FD79100DC0E6C /* main.m */,
			);
			name = "Supporting Files";
			sourceTree = "<group>";
		};
		3C31FA8D81422CA21E1C775D /* Frameworks */ = {
			isa = PBXGroup;
			children = (
				9D2A1C4E3998DA5C345F4D21 /* Pods_UHCountdown.framework */,
			);
			name = Frameworks;
			sourceTree = "<group>";
		};
		5A36D7ECCC7EC554E30C9118 /* Pods */ = {
			isa = PBXGroup;
			children = (
				A1A8DF30C159B1AE3552E3A5 /* Pods-UHCountdown.debug.xcconfig */,
				2B8B7859D31EC9A291A65CF4 /* Pods-UHCountdown.release.xcconfig */,
			);
			name = Pods;
			sourceTree = "<group>";
		};
/* End PBXGroup section */

/* Begin PBXNativeTarget section */
		20E765251D7FD79100DC0E6C /* UHCountdown */ = {
			isa = PBXNativeTarget;
			buildConfigurationList = 20E7653D1D7FD79100DC0E6C /* Build configuration list for PBXNativeTarget "UHCountdown" */;
			buildPhases = (
				1ABD06456284FFDCF5BC594C /* [CP] Check Pods Manifest.lock */,
				20E765221D7FD79100DC0E6C /* Sources */,
				20E765231D7FD79100DC0E6C /* Frameworks */,
				20E765241D7FD79100DC0E6C /* Resources */,
				FB9EDBC18A8BE8939450AC6D /* [CP] Embed Pods Frameworks */,
				98B38C6F3C08494C53F0FAE9 /* [CP] Copy Pods Resources */,
			);
			buildRules = (
			);
			dependencies = (
			);
			name = UHCountdown;
			productName = UHCountdown;
			productReference = 20E765261D7FD79100DC0E6C /* UHCountdown.app */;
			productType = "com.apple.product-type.application";
		};
/* End PBXNativeTarget section */

/* Begin PBXProject section */
		20E7651E1D7FD79100DC0E6C /* Project object */ = {
			isa = PBXProject;
			attributes = {
				LastUpgradeCheck = 0730;
				ORGANIZATIONNAME = com.sanweidu.TDDPayBLE;
				TargetAttributes = {
					20E765251D7FD79100DC0E6C = {
						CreatedOnToolsVersion = 7.3.1;
					};
				};
			};
			buildConfigurationList = 20E765211D7FD79100DC0E6C /* Build configuration list for PBXProject "UHCountdown" */;
			compatibilityVersion = "Xcode 3.2";
			developmentRegion = English;
			hasScannedForEncodings = 0;
			knownRegions = (
				en,
				Base,
			);
			mainGroup = 20E7651D1D7FD79100DC0E6C;
			productRefGroup = 20E765271D7FD79100DC0E6C /* Products */;
			projectDirPath = "";
			projectRoot = "";
			targets = (
				20E765251D7FD79100DC0E6C /* UHCountdown */,
			);
		};
/* End PBXProject section */

/* Begin PBXResourcesBuildPhase section */
		20E765241D7FD79100DC0E6C /* Resources */ = {
			isa = PBXResourcesBuildPhase;
			buildActionMask = 2147483647;
			files = (
				20E765391D7FD79100DC0E6C /* LaunchScreen.storyboard in Resources */,
				20E765361D7FD79100DC0E6C /* Assets.xcassets in Resources */,
				20E765341D7FD79100DC0E6C /* Main.storyboard in Resources */,
			);
			runOnlyForDeploymentPostprocessing = 0;
		};
/* End PBXResourcesBuildPhase section */

/* Begin PBXShellScriptBuildPhase section */
		1ABD06456284FFDCF5BC594C /* [CP] Check Pods Manifest.lock */ = {
			isa = PBXShellScriptBuildPhase;
			buildActionMask = 2147483647;
			files = (
			);
			inputPaths = (
			);
			name = "[CP] Check Pods Manifest.lock";
			outputPaths = (
			);
			runOnlyForDeploymentPostprocessing = 0;
			shellPath = /bin/sh;
			shellScript = "diff \"${PODS_ROOT}/../Podfile.lock\" \"${PODS_ROOT}/Manifest.lock\" > /dev/null\nif [[ $? != 0 ]] ; then\n    cat << EOM\nerror: The sandbox is not in sync with the Podfile.lock. Run 'pod install' or update your CocoaPods installation.\nEOM\n    exit 1\nfi\n";
			showEnvVarsInLog = 0;
		};
		98B38C6F3C08494C53F0FAE9 /* [CP] Copy Pods Resources */ = {
			isa = PBXShellScriptBuildPhase;
			buildActionMask = 2147483647;
			files = (
			);
			inputPaths = (
			);
			name = "[CP] Copy Pods Resources";
			outputPaths = (
			);
			runOnlyForDeploymentPostprocessing = 0;
			shellPath = /bin/sh;
			shellScript = "\"${SRCROOT}/Pods/Target Support Files/Pods-UHCountdown/Pods-UHCountdown-resources.sh\"\n";
			showEnvVarsInLog = 0;
		};
		FB9EDBC18A8BE8939450AC6D /* [CP] Embed Pods Frameworks */ = {
			isa = PBXShellScriptBuildPhase;
			buildActionMask = 2147483647;
			files = (
			);
			inputPaths = (
			);
			name = "[CP] Embed Pods Frameworks";
			outputPaths = (
			);
			runOnlyForDeploymentPostprocessing = 0;
			shellPath = /bin/sh;
			shellScript = "\"${SRCROOT}/Pods/Target Support Files/Pods-UHCountdown/Pods-UHCountdown-frameworks.sh\"\n";
			showEnvVarsInLog = 0;
		};
/* End PBXShellScriptBuildPhase section */

/* Begin PBXSourcesBuildPhase section */
		20E765221D7FD79100DC0E6C /* Sources */ = {
			isa = PBXSourcesBuildPhase;
			buildActionMask = 2147483647;
			files = (
				20E765311D7FD79100DC0E6C /* ViewController.m in Sources */,
				20E7652E1D7FD79100DC0E6C /* AppDelegate.m in Sources */,
				20E7652B1D7FD79100DC0E6C /* main.m in Sources */,
			);
			runOnlyForDeploymentPostprocessing = 0;
		};
/* End PBXSourcesBuildPhase section */

/* Begin PBXVariantGroup section */
		20E765321D7FD79100DC0E6C /* Main.storyboard */ = {
			isa = PBXVariantGroup;
			children = (
				20E765331D7FD79100DC0E6C /* Base */,
			);
			name = Main.storyboard;
			sourceTree = "<group>";
		};
		20E765371D7FD79100DC0E6C /* LaunchScreen.storyboard */ = {
			isa = PBXVariantGroup;
			children = (
				20E765381D7FD79100DC0E6C /* Base */,
			);
			name = LaunchScreen.storyboard;
			sourceTree = "<group>";
		};
/* End PBXVariantGroup section */

/* Begin XCBuildConfiguration section */
		20E7653B1D7FD79100DC0E6C /* Debug */ = {
			isa = XCBuildConfiguration;
			buildSettings = {
				ALWAYS_SEARCH_USER_PATHS = NO;
				CLANG_ANALYZER_NONNULL = YES;
				CLANG_CXX_LANGUAGE_STANDARD = "gnu++0x";
				CLANG_CXX_LIBRARY = "libc++";
				CLANG_ENABLE_MODULES = YES;
				CLANG_ENABLE_OBJC_ARC = YES;
				CLANG_WARN_BOOL_CONVERSION = YES;
				CLANG_WARN_CONSTANT_CONVERSION = YES;
				CLANG_WARN_DIRECT_OBJC_ISA_USAGE = YES_ERROR;
				CLANG_WARN_EMPTY_BODY = YES;
				CLANG_WARN_ENUM_CONVERSION = YES;
				CLANG_WARN_INT_CONVERSION = YES;
				CLANG_WARN_OBJC_ROOT_CLASS = YES_ERROR;
				CLANG_WARN_UNREACHABLE_CODE = YES;
				CLANG_WARN__DUPLICATE_METHOD_MATCH = YES;
				"CODE_SIGN_IDENTITY[sdk=iphoneos*]" = "iPhone Developer";
				COPY_PHASE_STRIP = NO;
				DEBUG_INFORMATION_FORMAT = dwarf;
				ENABLE_STRICT_OBJC_MSGSEND = YES;
				ENABLE_TESTABILITY = YES;
				GCC_C_LANGUAGE_STANDARD = gnu99;
				GCC_DYNAMIC_NO_PIC = NO;
				GCC_NO_COMMON_BLOCKS = YES;
				GCC_OPTIMIZATION_LEVEL = 0;
				GCC_PREPROCESSOR_DEFINITIONS = (
					"DEBUG=1",
					"$(inherited)",
				);
				GCC_WARN_64_TO_32_BIT_CONVERSION = YES;
				GCC_WARN_ABOUT_RETURN_TYPE = YES_ERROR;
				GCC_WARN_UNDECLARED_SELECTOR = YES;
				GCC_WARN_UNINITIALIZED_AUTOS = YES_AGGRESSIVE;
				GCC_WARN_UNUSED_FUNCTION = YES;
				GCC_WARN_UNUSED_VARIABLE = YES;
				IPHONEOS_DEPLOYMENT_TARGET = 9.3;
				MTL_ENABLE_DEBUG_INFO = YES;
				ONLY_ACTIVE_ARCH = YES;
				SDKROOT = iphoneos;
				TARGETED_DEVICE_FAMILY = "1,2";
			};
			name = Debug;
		};
		20E7653C1D7FD79100DC0E6C /* Release */ = {
			isa = XCBuildConfiguration;
			buildSettings = {
				ALWAYS_SEARCH_USER_PATHS = NO;
				CLANG_ANALYZER_NONNULL = YES;
				CLANG_CXX_LANGUAGE_STANDARD = "gnu++0x";
				CLANG_CXX_LIBRARY = "libc++";
				CLANG_ENABLE_MODULES = YES;
				CLANG_ENABLE_OBJC_ARC = YES;
				CLANG_WARN_BOOL_CONVERSION = YES;
				CLANG_WARN_CONSTANT_CONVERSION = YES;
				CLANG_WARN_DIRECT_OBJC_ISA_USAGE = YES_ERROR;
				CLANG_WARN_EMPTY_BODY = YES;
				CLANG_WARN_ENUM_CONVERSION = YES;
				CLANG_WARN_INT_CONVERSION = YES;
				CLANG_WARN_OBJC_ROOT_CLASS = YES_ERROR;
				CLANG_WARN_UNREACHABLE_CODE = YES;
				CLANG_WARN__DUPLICATE_METHOD_MATCH = YES;
				"CODE_SIGN_IDENTITY[sdk=iphoneos*]" = "iPhone Developer";
				COPY_PHASE_STRIP = NO;
				DEBUG_INFORMATION_FORMAT = "dwarf-with-dsym";
				ENABLE_NS_ASSERTIONS = NO;
				ENABLE_STRICT_OBJC_MSGSEND = YES;
				GCC_C_LANGUAGE_STANDARD = gnu99;
				GCC_NO_COMMON_BLOCKS = YES;
				GCC_WARN_64_TO_32_BIT_CONVERSION = YES;
				GCC_WARN_ABOUT_RETURN_TYPE = YES_ERROR;
				GCC_WARN_UNDECLARED_SELECTOR = YES;
				GCC_WARN_UNINITIALIZED_AUTOS = YES_AGGRESSIVE;
				GCC_WARN_UNUSED_FUNCTION = YES;
				GCC_WARN_UNUSED_VARIABLE = YES;
				IPHONEOS_DEPLOYMENT_TARGET = 9.3;
				MTL_ENABLE_DEBUG_INFO = NO;
				SDKROOT = iphoneos;
				TARGETED_DEVICE_FAMILY = "1,2";
				VALIDATE_PRODUCT = YES;
			};
			name = Release;
		};
		20E7653E1D7FD79100DC0E6C /* Debug */ = {
			isa = XCBuildConfiguration;
			baseConfigurationReference = A1A8DF30C159B1AE3552E3A5 /* Pods-UHCountdown.debug.xcconfig */;
			buildSettings = {
				ASSETCATALOG_COMPILER_APPICON_NAME = AppIcon;
				INFOPLIST_FILE = UHCountdown/Info.plist;
				LD_RUNPATH_SEARCH_PATHS = "$(inherited) @executable_path/Frameworks";
				PRODUCT_BUNDLE_IDENTIFIER = TDDPay.UHCountdown;
				PRODUCT_NAME = "$(TARGET_NAME)";
			};
			name = Debug;
		};
		20E7653F1D7FD79100DC0E6C /* Release */ = {
			isa = XCBuildConfiguration;
			baseConfigurationReference = 2B8B7859D31EC9A291A65CF4 /* Pods-UHCountdown.release.xcconfig */;
			buildSettings = {
				ASSETCATALOG_COMPILER_APPICON_NAME = AppIcon;
				INFOPLIST_FILE = UHCountdown/Info.plist;
				LD_RUNPATH_SEARCH_PATHS = "$(inherited) @executable_path/Frameworks";
				PRODUCT_BUNDLE_IDENTIFIER = TDDPay.UHCountdown;
				PRODUCT_NAME = "$(TARGET_NAME)";
			};
			name = Release;
		};
/* End XCBuildConfiguration section */

/* Begin XCConfigurationList section */
		20E765211D7FD79100DC0E6C /* Build configuration list for PBXProject "UHCountdown" */ = {
			isa = XCConfigurationList;
			buildConfigurations = (
				20E7653B1D7FD79100DC0E6C /* Debug */,
				20E7653C1D7FD79100DC0E6C /* Release */,
			);
			defaultConfigurationIsVisible = 0;
			defaultConfigurationName = Release;
		};
		20E7653D1D7FD79100DC0E6C /* Build configuration list for PBXNativeTarget "UHCountdown" */ = {
			isa = XCConfigurationList;
			buildConfigurations = (
				20E7653E1D7FD79100DC0E6C /* Debug */,
				20E7653F1D7FD79100DC0E6C /* Release */,
			);
			defaultConfigurationIsVisible = 0;
			defaultConfigurationName = Release;
		};
/* End XCConfigurationList section */
	};
	rootObject = 20E7651E1D7FD79100DC0E6C /* Project object */;
}
